{
  "name": "vitrine",
  "version": "0.0.0",
  "lockfileVersion": 1,
  "dependencies": {
    "angular": {
      "version": "1.6.5",
      "resolved": "https://registry.npmjs.org/angular/-/angular-1.6.5.tgz",
      "integrity": "sha1-N/eI7r7Fzi4/oCsXu8sqIxV2oNY="
    },
    "angular-animate": {
      "version": "1.6.5",
      "resolved": "https://registry.npmjs.org/angular-animate/-/angular-animate-1.6.5.tgz",
      "integrity": "sha1-OBfHWIDQX8iZpsjUsJ0cxipx6To="
    },
    "angular-touch": {
      "version": "1.6.5",
      "resolved": "https://registry.npmjs.org/angular-touch/-/angular-touch-1.6.5.tgz",
      "integrity": "sha1-jVG97OzQO94V3Nqnd9m7alTIKv0="
    }
  }
}
